
Microsoft Visual Studio Solution File, Format Version 12.00
# Visual Studio Version 17
VisualStudioVersion = 17.10.34928.147
MinimumVisualStudioVersion = 10.0.40219.1
Project("{9A19103F-16F7-4668-BE54-9A1E7A4F7556}") = "TextWave", "TextWave\TextWave.csproj", "{EC6E51D2-9644-4221-85CB-0FF7AE002C97}"
EndProject
Project("{9A19103F-16F7-4668-BE54-9A1E7A4F7556}") = "TextLib", "TextLib\TextLib.csproj", "{AA4B6BA6-F76E-4EDA-9B7A-C02598730E88}"
EndProject
Project("{FAE04EC0-301F-11D3-BF4B-00C04F79EFBC}") = "TextWeb", "TextWeb\TextWeb.csproj", "{BF588B4F-6F0F-4787-B099-B225514DFBA4}"
EndProject
Global
	GlobalSection(SolutionConfigurationPlatforms) = preSolution
		Debug|Any CPU = Debug|Any CPU
		Release|Any CPU = Release|Any CPU
	EndGlobalSection
	GlobalSection(ProjectConfigurationPlatforms) = postSolution
		{EC6E51D2-9644-4221-85CB-0FF7AE002C97}.Debug|Any CPU.ActiveCfg = Debug|Any CPU
		{EC6E51D2-9644-4221-85CB-0FF7AE002C97}.Debug|Any CPU.Build.0 = Debug|Any CPU
		{EC6E51D2-9644-4221-85CB-0FF7AE002C97}.Release|Any CPU.ActiveCfg = Release|Any CPU
		{EC6E51D2-9644-4221-85CB-0FF7AE002C97}.Release|Any CPU.Build.0 = Release|Any CPU
		{AA4B6BA6-F76E-4EDA-9B7A-C02598730E88}.Debug|Any CPU.ActiveCfg = Debug|Any CPU
		{AA4B6BA6-F76E-4EDA-9B7A-C02598730E88}.Debug|Any CPU.Build.0 = Debug|Any CPU
		{AA4B6BA6-F76E-4EDA-9B7A-C02598730E88}.Release|Any CPU.ActiveCfg = Release|Any CPU
		{AA4B6BA6-F76E-4EDA-9B7A-C02598730E88}.Release|Any CPU.Build.0 = Release|Any CPU
		{BF588B4F-6F0F-4787-B099-B225514DFBA4}.Debug|Any CPU.ActiveCfg = Debug|Any CPU
		{BF588B4F-6F0F-4787-B099-B225514DFBA4}.Debug|Any CPU.Build.0 = Debug|Any CPU
		{BF588B4F-6F0F-4787-B099-B225514DFBA4}.Release|Any CPU.ActiveCfg = Release|Any CPU
		{BF588B4F-6F0F-4787-B099-B225514DFBA4}.Release|Any CPU.Build.0 = Release|Any CPU
	EndGlobalSection
	GlobalSection(SolutionProperties) = preSolution
		HideSolutionNode = FALSE
	EndGlobalSection
	GlobalSection(ExtensibilityGlobals) = postSolution
		SolutionGuid = {988AF80C-3E17-4371-9678-1F2F7A7D93A8}
	EndGlobalSection
EndGlobal
